lockfileVersion: '9.0'

settings:
  autoInstallPeers: true
  excludeLinksFromLockfile: false

importers:

  .:
    dependencies:
      '@directus/sdk':
        specifier: ^21.3.0
        version: 21.3.0

packages:

  '@directus/sdk@21.3.0':
    resolution: {integrity: sha512-ozK2OmlaBiCuP5RuL046CaGGqEnlOdl4Rg690qaOgbC0C45XnDZVeBlb+NDLTUqEj88iSX8Cv74G3qh0L2i7Yw==}
    engines: {node: '>=22'}

snapshots:

  '@directus/sdk@21.3.0': {}
